# This file is autogenerated, do not edit; changes may be undone by the next 'dep ensure'.


[[projects]]
  digest = "1:2f4bc06f0948e7463b3e6689a574d40877b6633059c45ee805169e6450620863"
  name = "github.com/bitrise-io/go-utils"
  packages = [
    "colorstring",
    "command",
    "errorutil",
    "fileutil",
    "log",
    "parseutil",
    "pathutil",
    "pointers",
  ]
  pruneopts = "UT"
  revision = "9c30a7825aa1064e423a0f1dba751fec990b07be"

[[projects]]
  branch = "master"
  digest = "1:4e326d23796b4d917aaa13a6e923bee42559cfedd49d6190f913baa70bed3d50"
  name = "github.com/bitrise-tools/go-steputils"
  packages = [
    "cache",
    "input",
    "stepconf",
    "tools",
  ]
  pruneopts = "UT"
  revision = "ec226b2359fcd806be64f0ad2217d8e741a1ff11"

[[projects]]
  digest = "1:826df03282c5a336f1d23a07ce0ec0a26c7230e1a5d5a79a8ea4b68c0c8462b3"
  name = "github.com/hashicorp/go-version"
  packages = ["."]
  pruneopts = "UT"
  revision = "03c5bf6be031b6dd45afec16b1cf94fc8938bc77"

[[projects]]
  digest = "1:f066fcfd73f9e7e57c6a22d37978849a79d0abc1e30b5fee85e83962a9cea4c6"
  name = "github.com/kballard/go-shellquote"
  packages = ["."]
  pruneopts = "UT"
  revision = "d8ec1a69a250a17bb0e419c386eac1f3711dc142"

[solve-meta]
  analyzer-name = "dep"
  analyzer-version = 1
  input-imports = [
    "github.com/bitrise-io/go-utils/command",
    "github.com/bitrise-io/go-utils/fileutil",
    "github.com/bitrise-io/go-utils/log",
    "github.com/bitrise-io/go-utils/pathutil",
    "github.com/bitrise-tools/go-steputils/cache",
    "github.com/bitrise-tools/go-steputils/input",
    "github.com/bitrise-tools/go-steputils/stepconf",
    "github.com/hashicorp/go-version",
    "github.com/kballard/go-shellquote",
  ]
  solver-name = "gps-cdcl"
  solver-version = 1
